
Microsoft Visual Studio Solution File, Format Version 12.00
# Visual Studio Version 16
VisualStudioVersion = 16.0.29609.76
MinimumVisualStudioVersion = 10.0.40219.1
Project("{FAE04EC0-301F-11D3-BF4B-00C04F79EFBC}") = "GraphQLTestProject", "GraphQLTestProject\GraphQLTestProject.csproj", "{3F0A34FC-0ADA-4453-9544-27100B2F191A}"
EndProject
Global
	GlobalSection(SolutionConfigurationPlatforms) = preSolution
		Debug|Any CPU = Debug|Any CPU
		Release|Any CPU = Release|Any CPU
	EndGlobalSection
	GlobalSection(ProjectConfigurationPlatforms) = postSolution
		{3F0A34FC-0ADA-4453-9544-27100B2F191A}.Debug|Any CPU.ActiveCfg = Debug|Any CPU
		{3F0A34FC-0ADA-4453-9544-27100B2F191A}.Debug|Any CPU.Build.0 = Debug|Any CPU
		{3F0A34FC-0ADA-4453-9544-27100B2F191A}.Release|Any CPU.ActiveCfg = Release|Any CPU
		{3F0A34FC-0ADA-4453-9544-27100B2F191A}.Release|Any CPU.Build.0 = Release|Any CPU
	EndGlobalSection
	GlobalSection(SolutionProperties) = preSolution
		HideSolutionNode = FALSE
	EndGlobalSection
	GlobalSection(ExtensibilityGlobals) = postSolution
		SolutionGuid = {727E0A64-FB95-417E-B113-F1CCA617AE03}
	EndGlobalSection
EndGlobal
